{
    "_readme": [
        "This file locks the dependencies of your project to a known state",
        "Read more about it at https://getcomposer.org/doc/01-basic-usage.md#installing-dependencies",
        "This file is @generated automatically"
    ],
    "content-hash": "fcf5136364eea479ea08298c173ece93",
    "packages": [
        {
            "name": "cleverreach/integration-core",
            "version": "3.4.4",
            "source": {
                "type": "git",
                "url": "git@github.com:cleverreach/logeecore.git",
                "reference": "b61027b3882e706baec25a3b28f9297e90f03ba7"
            },
            "dist": {
                "type": "zip",
                "url": "https://api.github.com/repos/cleverreach/logeecore/zipball/b61027b3882e706baec25a3b28f9297e90f03ba7",
                "reference": "b61027b3882e706baec25a3b28f9297e90f03ba7",
                "shasum": ""
            },
            "require": {
                "php": ">=5.3.29"
            },
            "require-dev": {
                "phpunit/phpunit": "^4.8"
            },
            "type": "library",
            "autoload": {
                "psr-4": {
                    "Logeecom\\Infrastructure\\": "src/Infrastructure",
                    "CleverReach\\BusinessLogic\\": "src/BusinessLogic"
                }
            },
            "autoload-dev": {
                "psr-4": {
                    "Logeecom\\Tests\\Infrastructure\\": "tests/Infrastructure",
                    "CleverReach\\Tests\\BusinessLogic\\": "tests/BusinessLogic"
                }
            },
            "license": [
                "proprietary"
            ],
            "description": "CleverReach integrations core library",
            "time": "2022-08-24T12:01:57+00:00"
        }
    ],
    "packages-dev": [],
    "aliases": [],
    "minimum-stability": "stable",
    "stability-flags": [],
    "prefer-stable": false,
    "prefer-lowest": false,
    "platform": {
        "php": ">=8.1",
        "ext-curl": "*"
    },
    "platform-dev": [],
    "plugin-api-version": "2.3.0"
}
